<?xml version="1.0" encoding="utf-8"?>
<Project ToolsVersion="14.0" xmlns="http://schemas.microsoft.com/developer/msbuild/2003">
  <ItemGroup>
    <ClCompile Include="D:\zookeeper\apache-zookeeper-3.5.8\zookeeper-client\zookeeper-client-c\src\zookeeper.c">
      <Filter>Source Files</Filter>
    </ClCompile>
    <ClCompile Include="D:\zookeeper\apache-zookeeper-3.5.8\zookeeper-client\zookeeper-client-c\src\recordio.c">
      <Filter>Source Files</Filter>
    </ClCompile>
    <ClCompile Include="D:\zookeeper\apache-zookeeper-3.5.8\zookeeper-client\zookeeper-client-c\generated\zookeeper.jute.c">
      <Filter>Source Files</Filter>
    </ClCompile>
    <ClCompile Include="D:\zookeeper\apache-zookeeper-3.5.8\zookeeper-client\zookeeper-client-c\src\zk_log.c">
      <Filter>Source Files</Filter>
    </ClCompile>
    <ClCompile Include="D:\zookeeper\apache-zookeeper-3.5.8\zookeeper-client\zookeeper-client-c\src\zk_hashtable.c">
      <Filter>Source Files</Filter>
    </ClCompile>
    <ClCompile Include="D:\zookeeper\apache-zookeeper-3.5.8\zookeeper-client\zookeeper-client-c\src\addrvec.c">
      <Filter>Source Files</Filter>
    </ClCompile>
    <ClCompile Include="D:\zookeeper\apache-zookeeper-3.5.8\zookeeper-client\zookeeper-client-c\src\mt_adaptor.c">
      <Filter>Source Files</Filter>
    </ClCompile>
    <ClCompile Include="D:\zookeeper\apache-zookeeper-3.5.8\zookeeper-client\zookeeper-client-c\src\winport.c">
      <Filter>Source Files</Filter>
    </ClCompile>
  </ItemGroup>
  <ItemGroup>
    <CustomBuild Include="D:\zookeeper\apache-zookeeper-3.5.8\zookeeper-client\zookeeper-client-c\CMakeLists.txt" />
  </ItemGroup>
  <ItemGroup>
    <Filter Include="Source Files">
      <UniqueIdentifier>{E3FA819D-1050-313A-B432-AC8E9BB87F3A}</UniqueIdentifier>
    </Filter>
  </ItemGroup>
</Project>
